
Microsoft Visual Studio Solution File, Format Version 12.00
# Visual Studio Version 16
VisualStudioVersion = 16.0.29306.81
MinimumVisualStudioVersion = 10.0.40219.1
Project("{FAE04EC0-301F-11D3-BF4B-00C04F79EFBC}") = "calculator", "calculator\calculator.csproj", "{EC197E4E-2411-4EC1-B72C-AB0E23A56378}"
EndProject
Global
	GlobalSection(SolutionConfigurationPlatforms) = preSolution
		Debug|Any CPU = Debug|Any CPU
		Release|Any CPU = Release|Any CPU
	EndGlobalSection
	GlobalSection(ProjectConfigurationPlatforms) = postSolution
		{EC197E4E-2411-4EC1-B72C-AB0E23A56378}.Debug|Any CPU.ActiveCfg = Debug|Any CPU
		{EC197E4E-2411-4EC1-B72C-AB0E23A56378}.Debug|Any CPU.Build.0 = Debug|Any CPU
		{EC197E4E-2411-4EC1-B72C-AB0E23A56378}.Release|Any CPU.ActiveCfg = Release|Any CPU
		{EC197E4E-2411-4EC1-B72C-AB0E23A56378}.Release|Any CPU.Build.0 = Release|Any CPU
	EndGlobalSection
	GlobalSection(SolutionProperties) = preSolution
		HideSolutionNode = FALSE
	EndGlobalSection
	GlobalSection(ExtensibilityGlobals) = postSolution
		SolutionGuid = {0A0C3D14-1E0E-4172-B462-59B64CCA3873}
	EndGlobalSection
EndGlobal
